
Microsoft Visual Studio Solution File, Format Version 12.00
# Visual Studio Version 16
VisualStudioVersion = 16.0.30907.101
MinimumVisualStudioVersion = 10.0.40219.1
Project("{FAE04EC0-301F-11D3-BF4B-00C04F79EFBC}") = "Polymorphism", "Polymorphism\Polymorphism.csproj", "{5FA04FEC-574F-4AB6-A91F-88077C011B1C}"
EndProject
Global
	GlobalSection(SolutionConfigurationPlatforms) = preSolution
		Debug|Any CPU = Debug|Any CPU
		Release|Any CPU = Release|Any CPU
	EndGlobalSection
	GlobalSection(ProjectConfigurationPlatforms) = postSolution
		{5FA04FEC-574F-4AB6-A91F-88077C011B1C}.Debug|Any CPU.ActiveCfg = Debug|Any CPU
		{5FA04FEC-574F-4AB6-A91F-88077C011B1C}.Debug|Any CPU.Build.0 = Debug|Any CPU
		{5FA04FEC-574F-4AB6-A91F-88077C011B1C}.Release|Any CPU.ActiveCfg = Release|Any CPU
		{5FA04FEC-574F-4AB6-A91F-88077C011B1C}.Release|Any CPU.Build.0 = Release|Any CPU
	EndGlobalSection
	GlobalSection(SolutionProperties) = preSolution
		HideSolutionNode = FALSE
	EndGlobalSection
	GlobalSection(ExtensibilityGlobals) = postSolution
		SolutionGuid = {B920093F-D799-4476-9FDB-E2B5393BDBC9}
	EndGlobalSection
EndGlobal
